
Microsoft Visual Studio Solution File, Format Version 12.00
# Visual Studio Version 17
VisualStudioVersion = 17.14.36414.22 d17.14
MinimumVisualStudioVersion = 10.0.40219.1
Project("{FAE04EC0-301F-11D3-BF4B-00C04F79EFBC}") = "Make_it_stick", "Make_it_stick.csproj", "{FDAA0FB7-D934-48EA-8BD6-D60B7C96B1D3}"
EndProject
Global
	GlobalSection(SolutionConfigurationPlatforms) = preSolution
		Debug|ARM64 = Debug|ARM64
		Debug|x64 = Debug|x64
		Debug|x86 = Debug|x86
		Release|ARM64 = Release|ARM64
		Release|x64 = Release|x64
		Release|x86 = Release|x86
	EndGlobalSection
	GlobalSection(ProjectConfigurationPlatforms) = postSolution
		{FDAA0FB7-D934-48EA-8BD6-D60B7C96B1D3}.Debug|ARM64.ActiveCfg = Debug|ARM64
		{FDAA0FB7-D934-48EA-8BD6-D60B7C96B1D3}.Debug|ARM64.Build.0 = Debug|ARM64
		{FDAA0FB7-D934-48EA-8BD6-D60B7C96B1D3}.Debug|ARM64.Deploy.0 = Debug|ARM64
		{FDAA0FB7-D934-48EA-8BD6-D60B7C96B1D3}.Debug|x64.ActiveCfg = Debug|x64
		{FDAA0FB7-D934-48EA-8BD6-D60B7C96B1D3}.Debug|x64.Build.0 = Debug|x64
		{FDAA0FB7-D934-48EA-8BD6-D60B7C96B1D3}.Debug|x64.Deploy.0 = Debug|x64
		{FDAA0FB7-D934-48EA-8BD6-D60B7C96B1D3}.Debug|x86.ActiveCfg = Debug|x86
		{FDAA0FB7-D934-48EA-8BD6-D60B7C96B1D3}.Debug|x86.Build.0 = Debug|x86
		{FDAA0FB7-D934-48EA-8BD6-D60B7C96B1D3}.Debug|x86.Deploy.0 = Debug|x86
		{FDAA0FB7-D934-48EA-8BD6-D60B7C96B1D3}.Release|ARM64.ActiveCfg = Release|ARM64
		{FDAA0FB7-D934-48EA-8BD6-D60B7C96B1D3}.Release|ARM64.Build.0 = Release|ARM64
		{FDAA0FB7-D934-48EA-8BD6-D60B7C96B1D3}.Release|ARM64.Deploy.0 = Release|ARM64
		{FDAA0FB7-D934-48EA-8BD6-D60B7C96B1D3}.Release|x64.ActiveCfg = Release|x64
		{FDAA0FB7-D934-48EA-8BD6-D60B7C96B1D3}.Release|x64.Build.0 = Release|x64
		{FDAA0FB7-D934-48EA-8BD6-D60B7C96B1D3}.Release|x64.Deploy.0 = Release|x64
		{FDAA0FB7-D934-48EA-8BD6-D60B7C96B1D3}.Release|x86.ActiveCfg = Release|x86
		{FDAA0FB7-D934-48EA-8BD6-D60B7C96B1D3}.Release|x86.Build.0 = Release|x86
		{FDAA0FB7-D934-48EA-8BD6-D60B7C96B1D3}.Release|x86.Deploy.0 = Release|x86
	EndGlobalSection
	GlobalSection(SolutionProperties) = preSolution
		HideSolutionNode = FALSE
	EndGlobalSection
	GlobalSection(ExtensibilityGlobals) = postSolution
		SolutionGuid = {8AA81EA9-6C68-4ECD-9977-1F652A7CCA47}
	EndGlobalSection
EndGlobal
